
Microsoft Visual Studio Solution File, Format Version 12.00
# Visual Studio Version 17
VisualStudioVersion = 17.2.32427.441
MinimumVisualStudioVersion = 10.0.40219.1
Project("{9A19103F-16F7-4668-BE54-9A1E7A4F7556}") = "RpaStudio", "RpaStudio\RpaStudio.csproj", "{456BE34A-5467-4926-B667-8BEEF1FCC683}"
EndProject
Project("{FAE04EC0-301F-11D3-BF4B-00C04F79EFBC}") = "RpaTestModule", "RpaTestModule\RpaTestModule.csproj", "{1F853F60-F861-419B-9EA4-473B372BD6F0}"
EndProject
Global
	GlobalSection(SolutionConfigurationPlatforms) = preSolution
		Debug|Any CPU = Debug|Any CPU
		Release|Any CPU = Release|Any CPU
	EndGlobalSection
	GlobalSection(ProjectConfigurationPlatforms) = postSolution
		{456BE34A-5467-4926-B667-8BEEF1FCC683}.Debug|Any CPU.ActiveCfg = Debug|Any CPU
		{456BE34A-5467-4926-B667-8BEEF1FCC683}.Debug|Any CPU.Build.0 = Debug|Any CPU
		{456BE34A-5467-4926-B667-8BEEF1FCC683}.Release|Any CPU.ActiveCfg = Release|Any CPU
		{456BE34A-5467-4926-B667-8BEEF1FCC683}.Release|Any CPU.Build.0 = Release|Any CPU
		{1F853F60-F861-419B-9EA4-473B372BD6F0}.Debug|Any CPU.ActiveCfg = Debug|Any CPU
		{1F853F60-F861-419B-9EA4-473B372BD6F0}.Debug|Any CPU.Build.0 = Debug|Any CPU
		{1F853F60-F861-419B-9EA4-473B372BD6F0}.Release|Any CPU.ActiveCfg = Release|Any CPU
		{1F853F60-F861-419B-9EA4-473B372BD6F0}.Release|Any CPU.Build.0 = Release|Any CPU
	EndGlobalSection
	GlobalSection(SolutionProperties) = preSolution
		HideSolutionNode = FALSE
	EndGlobalSection
	GlobalSection(ExtensibilityGlobals) = postSolution
		SolutionGuid = {8236B843-AF9D-4AE6-9B13-042468A92350}
	EndGlobalSection
EndGlobal
